
Microsoft Visual Studio Solution File, Format Version 12.00
# Visual Studio Version 16
VisualStudioVersion = 16.0.28714.193
MinimumVisualStudioVersion = 10.0.40219.1
Project("{888888A0-9F3D-457C-B088-3A5042F75D52}") = "django-web", "django-web\django-web.pyproj", "{B48E4EE3-5CF5-4C3F-BBD6-8967576976CC}"
EndProject
Global
	GlobalSection(SolutionConfigurationPlatforms) = preSolution
		Debug|Any CPU = Debug|Any CPU
		Release|Any CPU = Release|Any CPU
	EndGlobalSection
	GlobalSection(ProjectConfigurationPlatforms) = postSolution
		{B48E4EE3-5CF5-4C3F-BBD6-8967576976CC}.Debug|Any CPU.ActiveCfg = Debug|Any CPU
		{B48E4EE3-5CF5-4C3F-BBD6-8967576976CC}.Debug|Any CPU.Build.0 = Debug|Any CPU
		{B48E4EE3-5CF5-4C3F-BBD6-8967576976CC}.Release|Any CPU.ActiveCfg = Release|Any CPU
		{B48E4EE3-5CF5-4C3F-BBD6-8967576976CC}.Release|Any CPU.Build.0 = Release|Any CPU
	EndGlobalSection
	GlobalSection(SolutionProperties) = preSolution
		HideSolutionNode = FALSE
	EndGlobalSection
	GlobalSection(ExtensibilityGlobals) = postSolution
		SolutionGuid = {CDC83CB1-3064-49A6-AFE8-2818124B0D8E}
	EndGlobalSection
EndGlobal
